
Microsoft Visual Studio Solution File, Format Version 12.00
# Visual Studio Version 16
VisualStudioVersion = 16.0.29306.81
MinimumVisualStudioVersion = 10.0.40219.1
Project("{FAE04EC0-301F-11D3-BF4B-00C04F79EFBC}") = "DayPlanner", "DayPlanner.csproj", "{A2AE224E-0F6C-4E20-8368-A9CC97754D4B}"
EndProject
Global
	GlobalSection(SolutionConfigurationPlatforms) = preSolution
		Debug|Any CPU = Debug|Any CPU
		Release|Any CPU = Release|Any CPU
	EndGlobalSection
	GlobalSection(ProjectConfigurationPlatforms) = postSolution
		{A2AE224E-0F6C-4E20-8368-A9CC97754D4B}.Debug|Any CPU.ActiveCfg = Debug|Any CPU
		{A2AE224E-0F6C-4E20-8368-A9CC97754D4B}.Debug|Any CPU.Build.0 = Debug|Any CPU
		{A2AE224E-0F6C-4E20-8368-A9CC97754D4B}.Release|Any CPU.ActiveCfg = Release|Any CPU
		{A2AE224E-0F6C-4E20-8368-A9CC97754D4B}.Release|Any CPU.Build.0 = Release|Any CPU
	EndGlobalSection
	GlobalSection(SolutionProperties) = preSolution
		HideSolutionNode = FALSE
	EndGlobalSection
	GlobalSection(ExtensibilityGlobals) = postSolution
		SolutionGuid = {F15FB602-AF08-4D93-B9F2-3BB75A120A17}
	EndGlobalSection
EndGlobal
